{
  "name": "AniConnect",
  "lockfileVersion": 3,
  "requires": true,
  "packages": {
    "": {
      "dependencies": {
        "@rxweb/reactive-form-validators": "^13.0.1"
      }
    },
    "node_modules/@rxweb/reactive-form-validators": {
      "version": "13.0.1",
      "resolved": "https://registry.npmjs.org/@rxweb/reactive-form-validators/-/reactive-form-validators-13.0.1.tgz",
      "integrity": "sha512-rmqMGKeGG0cDLU+34OXm+CYF9PtNQx7hJQEe1lLyRfLZQh70mhBvSapS7ob5zCAp9OXvJKff+MmQJKx6Iv/63Q==",
      "license": "MIT",
      "dependencies": {
        "tslib": "2.3.0"
      }
    },
    "node_modules/tslib": {
      "version": "2.3.0",
      "resolved": "https://registry.npmjs.org/tslib/-/tslib-2.3.0.tgz",
      "integrity": "sha512-N82ooyxVNm6h1riLCoyS9e3fuJ3AMG2zIZs2Gd1ATcSFjSA23Q0fzjjZeh0jbJvWVDZ0cJT8yaNNaaXHzueNjg==",
      "license": "0BSD"
    }
  }
}
